
Microsoft Visual Studio Solution File, Format Version 12.00
# Visual Studio Version 16
VisualStudioVersion = 16.0.32002.261
MinimumVisualStudioVersion = 10.0.40219.1
Project("{8BC9CEB8-8B4A-11D0-8D11-00A0C91BC942}") = "m0031", "m0031.vcxproj", "{56E24EA7-42A1-4D69-BA58-F142043B43D0}"
EndProject
Global
	GlobalSection(SolutionConfigurationPlatforms) = preSolution
		Debug|x64 = Debug|x64
		Debug|x86 = Debug|x86
		Release|x64 = Release|x64
		Release|x86 = Release|x86
	EndGlobalSection
	GlobalSection(ProjectConfigurationPlatforms) = postSolution
		{56E24EA7-42A1-4D69-BA58-F142043B43D0}.Debug|x64.ActiveCfg = Debug|x64
		{56E24EA7-42A1-4D69-BA58-F142043B43D0}.Debug|x64.Build.0 = Debug|x64
		{56E24EA7-42A1-4D69-BA58-F142043B43D0}.Debug|x86.ActiveCfg = Debug|Win32
		{56E24EA7-42A1-4D69-BA58-F142043B43D0}.Debug|x86.Build.0 = Debug|Win32
		{56E24EA7-42A1-4D69-BA58-F142043B43D0}.Release|x64.ActiveCfg = Release|x64
		{56E24EA7-42A1-4D69-BA58-F142043B43D0}.Release|x64.Build.0 = Release|x64
		{56E24EA7-42A1-4D69-BA58-F142043B43D0}.Release|x86.ActiveCfg = Release|Win32
		{56E24EA7-42A1-4D69-BA58-F142043B43D0}.Release|x86.Build.0 = Release|Win32
	EndGlobalSection
	GlobalSection(SolutionProperties) = preSolution
		HideSolutionNode = FALSE
	EndGlobalSection
	GlobalSection(ExtensibilityGlobals) = postSolution
		SolutionGuid = {96E6848A-4B1D-431C-A8B9-52E25F0BC0A0}
	EndGlobalSection
EndGlobal
